
Microsoft Visual Studio Solution File, Format Version 12.00
# Visual Studio 15
VisualStudioVersion = 15.0.28307.539
MinimumVisualStudioVersion = 10.0.40219.1
Project("{FAE04EC0-301F-11D3-BF4B-00C04F79EFBC}") = "MailWPF", "MailWPF\MailWPF.csproj", "{A894593F-35C8-481D-ACB6-3D730470AAEB}"
EndProject
Global
	GlobalSection(SolutionConfigurationPlatforms) = preSolution
		Debug|Any CPU = Debug|Any CPU
		Release|Any CPU = Release|Any CPU
	EndGlobalSection
	GlobalSection(ProjectConfigurationPlatforms) = postSolution
		{A894593F-35C8-481D-ACB6-3D730470AAEB}.Debug|Any CPU.ActiveCfg = Debug|Any CPU
		{A894593F-35C8-481D-ACB6-3D730470AAEB}.Debug|Any CPU.Build.0 = Debug|Any CPU
		{A894593F-35C8-481D-ACB6-3D730470AAEB}.Release|Any CPU.ActiveCfg = Release|Any CPU
		{A894593F-35C8-481D-ACB6-3D730470AAEB}.Release|Any CPU.Build.0 = Release|Any CPU
	EndGlobalSection
	GlobalSection(SolutionProperties) = preSolution
		HideSolutionNode = FALSE
	EndGlobalSection
	GlobalSection(ExtensibilityGlobals) = postSolution
		SolutionGuid = {31FB6D3F-4462-4FE1-9BFC-2F06171C9464}
	EndGlobalSection
EndGlobal
